
Microsoft Visual Studio Solution File, Format Version 12.00
# Visual Studio 15
VisualStudioVersion = 15.0.28307.106
MinimumVisualStudioVersion = 10.0.40219.1
Project("{FAE04EC0-301F-11D3-BF4B-00C04F79EFBC}") = "oop-lab-16", "oop-lab-16\oop-lab-16.csproj", "{E43D90E8-1DA7-4E39-9DEA-7D217322CB90}"
EndProject
Global
	GlobalSection(SolutionConfigurationPlatforms) = preSolution
		Debug|Any CPU = Debug|Any CPU
		Release|Any CPU = Release|Any CPU
	EndGlobalSection
	GlobalSection(ProjectConfigurationPlatforms) = postSolution
		{E43D90E8-1DA7-4E39-9DEA-7D217322CB90}.Debug|Any CPU.ActiveCfg = Debug|Any CPU
		{E43D90E8-1DA7-4E39-9DEA-7D217322CB90}.Debug|Any CPU.Build.0 = Debug|Any CPU
		{E43D90E8-1DA7-4E39-9DEA-7D217322CB90}.Release|Any CPU.ActiveCfg = Release|Any CPU
		{E43D90E8-1DA7-4E39-9DEA-7D217322CB90}.Release|Any CPU.Build.0 = Release|Any CPU
	EndGlobalSection
	GlobalSection(SolutionProperties) = preSolution
		HideSolutionNode = FALSE
	EndGlobalSection
	GlobalSection(ExtensibilityGlobals) = postSolution
		SolutionGuid = {C81036C2-B41E-4EEC-8C72-BCA706EDA476}
	EndGlobalSection
EndGlobal
